<?xml version="1.0" encoding="utf-8"?>
<Project ToolsVersion="4.0" xmlns="http://schemas.microsoft.com/developer/msbuild/2003">
  <ItemGroup>
    <ClCompile Include="AssemblyInfo.cpp" />
    <ClCompile Include="src\Input.cpp" />
    <ClCompile Include="src\resource\Material.cpp" />
    <ClCompile Include="src\object\Component.cpp" />
    <ClCompile Include="src\object\component\RenderComponent.cpp" />
    <ClCompile Include="src\object\component\ScriptComponent.cpp" />
    <ClCompile Include="src\object\component\Transform.cpp" />
    <ClCompile Include="src\object\GameObject.cpp" />
    <ClCompile Include="src\object\Object.cpp" />
    <ClCompile Include="src\resource\Model.cpp" />
    <ClCompile Include="src\resource\Resource.cpp" />
    <ClCompile Include="src\resource\Resources.cpp" />
    <ClCompile Include="src\resource\texture\Texture.cpp" />
    <ClCompile Include="src\Scene.cpp" />
    <ClCompile Include="src\ScriptingManager.cpp" />
    <ClCompile Include="src\resource\Shader.cpp" />
    <ClCompile Include="src\ThomasManaged.cpp" />
    <ClCompile Include="src\resource\AudioClip.cpp">
      <Filter>Audio</Filter>
    </ClCompile>
    <ClCompile Include="src\object\component\SoundComponent.cpp">
      <Filter>Audio</Filter>
    </ClCompile>
    <ClCompile Include="src\object\component\Camera.cpp">
      <Filter>Camera</Filter>
    </ClCompile>
    <ClCompile Include="src\Time.cpp" />
    <ClCompile Include="src\object\component\physics\Rigidbody.cpp" />
    <ClCompile Include="src\object\component\physics\Collider.cpp" />
    <ClCompile Include="src\object\component\physics\BoxCollider.cpp" />
    <ClCompile Include="src\object\component\physics\SphereCollider.cpp" />
    <ClCompile Include="src\object\component\physics\MeshCollider.cpp" />
    <ClCompile Include="src\Application.cpp" />
    <ClCompile Include="src\math\Curve.cpp" />
    <ClCompile Include="src\Utility.cpp" />
    <ClCompile Include="src\Debug.cpp" />
    <ClCompile Include="src\object\component\LightComponent.cpp" />
    <ClCompile Include="src\ThomasSelection.cpp" />
    <ClCompile Include="src\object\component\RenderSkinnedComponent.cpp" />
    <ClCompile Include="src\resource\Animation.cpp" />
    <ClCompile Include="src\Project.cpp" />
    <ClCompile Include="src\GUI\editor\GUI.cpp" />
    <ClCompile Include="src\object\component\physics\CapsuleCollider.cpp" />
    <ClCompile Include="src\object\YieldInstructions.cpp" />
    <ClCompile Include="src\serialization\Converters.cpp" />
    <ClCompile Include="src\serialization\Serializer.cpp" />
    <ClCompile Include="src\object\component\physics\Joint.cpp" />
    <ClCompile Include="src\object\component\animation\BoneTransformComponent.cpp" />
    <ClCompile Include="src\script\animation\PlaybackNode.cpp" />
    <ClCompile Include="src\script\animation\PlaybackHandle.cpp" />
    <ClCompile Include="src\script\animation\BlendNode.cpp" />
    <ClCompile Include="src\script\animation\WeightHandle.cpp" />
    <ClCompile Include="src\script\animation\constraint\LookAtConstraint.cpp" />
    <ClCompile Include="src\script\animation\constraint\IK_FABRIK_Constraint.cpp" />
    <ClCompile Include="src\object\component\ParticleEmitter.cpp" />
    <ClCompile Include="src\math\Random.cpp" />
    <ClCompile Include="src\resource\Font.cpp" />
    <ClCompile Include="src\Physics.cpp" />
  </ItemGroup>
  <ItemGroup>
    <ClInclude Include="src\resource\Model.h" />
    <ClInclude Include="src\resource\Resource.h" />
    <ClInclude Include="src\resource\texture\Texture.h" />
    <ClInclude Include="src\resource\texture\Texture2D.h" />
    <ClInclude Include="src\ScriptingManager.h" />
    <ClInclude Include="src\resource\Resources.h" />
    <ClInclude Include="src\Scene.h" />
    <ClInclude Include="src\attributes\CustomAttributes.h" />
    <ClInclude Include="src\Input.h" />
    <ClInclude Include="src\resource\Shader.h" />
    <ClInclude Include="src\Utility.h" />
    <ClInclude Include="src\resource\Material.h" />
    <ClInclude Include="src\object\Component.h" />
    <ClInclude Include="src\object\component\RenderComponent.h" />
    <ClInclude Include="src\object\component\ScriptComponent.h" />
    <ClInclude Include="src\object\component\Transform.h" />
    <ClInclude Include="src\object\GameObject.h" />
    <ClInclude Include="resource.h" />
    <ClInclude Include="src\object\Object.h" />
    <ClInclude Include="src\ThomasManaged.h" />
    <ClInclude Include="src\resource\AudioClip.h">
      <Filter>Audio</Filter>
    </ClInclude>
    <ClInclude Include="src\object\component\SoundComponent.h">
      <Filter>Audio</Filter>
    </ClInclude>
    <ClInclude Include="src\object\component\Camera.h">
      <Filter>Camera</Filter>
    </ClInclude>
    <ClInclude Include="src\Time.h" />
    <ClInclude Include="src\object\component\physics\Rigidbody.h" />
    <ClInclude Include="src\object\component\physics\Collider.h" />
    <ClInclude Include="src\object\component\physics\BoxCollider.h" />
    <ClInclude Include="src\object\component\physics\SphereCollider.h" />
    <ClInclude Include="src\object\component\physics\MeshCollider.h" />
    <ClInclude Include="src\Application.h" />
    <ClInclude Include="src\Project.h" />
    <ClInclude Include="src\math\Curve.h" />
    <ClInclude Include="src\Debug.h" />
    <ClInclude Include="src\ThomasSelection.h" />
    <ClInclude Include="src\object\component\RenderSkinnedComponent.h" />
    <ClInclude Include="src\resource\Animation.h" />
    <ClInclude Include="src\object\component\LightComponent.h" />
    <ClInclude Include="src\object\component\ParticleEmitter.h" />
    <ClInclude Include="src\object\component\physics\CapsuleCollider.h" />
    <ClInclude Include="src\GUI\editor\GUI.h" />
    <ClInclude Include="src\object\YieldInstructions.h" />
    <ClInclude Include="src\serialization\Converters.h" />
    <ClInclude Include="src\serialization\Serializer.h" />
    <ClInclude Include="src\object\component\physics\Joint.h" />
    <ClInclude Include="src\object\component\animation\BoneTransformComponent.h" />
    <ClInclude Include="src\script\animation\BlendNode.h" />
    <ClInclude Include="src\script\animation\WeightHandle.h" />
    <ClInclude Include="src\script\animation\PlaybackNode.h" />
    <ClInclude Include="src\script\animation\constraint\LookAtConstraint.h" />
    <ClInclude Include="src\script\animation\PlaybackHandle.h" />
    <ClInclude Include="src\math\Random.h" />
    <ClInclude Include="src\script\animation\constraint\IK_FABRIK_Constraint.h" />
    <ClInclude Include="src\resource\Font.h" />
    <ClInclude Include="src\Physics.h" />
  </ItemGroup>
  <ItemGroup>
    <ResourceCompile Include="app.rc" />
  </ItemGroup>
  <ItemGroup>
    <Image Include="app.ico" />
  </ItemGroup>
  <ItemGroup>
    <Text Include="ReadMe.txt" />
  </ItemGroup>
  <ItemGroup>
    <Filter Include="Audio">
      <UniqueIdentifier>{54abc86a-2502-40c0-aef9-85fb8c29a31d}</UniqueIdentifier>
    </Filter>
    <Filter Include="Camera">
      <UniqueIdentifier>{5ef783a8-a685-45ca-90c1-bdd80ca0dce4}</UniqueIdentifier>
    </Filter>
  </ItemGroup>
</Project>