
Microsoft Visual Studio Solution File, Format Version 12.00
# Visual Studio 15
VisualStudioVersion = 15.0.28010.2026
MinimumVisualStudioVersion = 10.0.40219.1
Project("{FAE04EC0-301F-11D3-BF4B-00C04F79EFBC}") = "Concussion ball", "Concussion ball.csproj", "{01B70CA3-CFD9-4F57-97CB-A3A3D85E6FF9}"
EndProject
Global
	GlobalSection(SolutionConfigurationPlatforms) = preSolution
		Debug|Any CPU = Debug|Any CPU
		Release|Any CPU = Release|Any CPU
	EndGlobalSection
	GlobalSection(ProjectConfigurationPlatforms) = postSolution
		{01B70CA3-CFD9-4F57-97CB-A3A3D85E6FF9}.Debug|Any CPU.ActiveCfg = Debug|Any CPU
		{01B70CA3-CFD9-4F57-97CB-A3A3D85E6FF9}.Debug|Any CPU.Build.0 = Debug|Any CPU
		{01B70CA3-CFD9-4F57-97CB-A3A3D85E6FF9}.Release|Any CPU.ActiveCfg = Release|Any CPU
		{01B70CA3-CFD9-4F57-97CB-A3A3D85E6FF9}.Release|Any CPU.Build.0 = Release|Any CPU
	EndGlobalSection
	GlobalSection(SolutionProperties) = preSolution
		HideSolutionNode = FALSE
	EndGlobalSection
	GlobalSection(ExtensibilityGlobals) = postSolution
		SolutionGuid = {0CF4578A-686F-4100-8D49-DDA3906D98C8}
	EndGlobalSection
EndGlobal
